
Microsoft Visual Studio Solution File, Format Version 12.00
# Visual Studio Version 17
VisualStudioVersion = 17.5.002.0
MinimumVisualStudioVersion = 10.0.40219.1
Project("{9A19103F-16F7-4668-BE54-9A1E7A4F7556}") = "FlixdioFunctions", "FlixdioFunctions.csproj", "{5FA17681-7985-4892-8DC3-3073F4F81AFD}"
EndProject
Global
	GlobalSection(SolutionConfigurationPlatforms) = preSolution
		Debug|Any CPU = Debug|Any CPU
		Release|Any CPU = Release|Any CPU
	EndGlobalSection
	GlobalSection(ProjectConfigurationPlatforms) = postSolution
		{5FA17681-7985-4892-8DC3-3073F4F81AFD}.Debug|Any CPU.ActiveCfg = Debug|Any CPU
		{5FA17681-7985-4892-8DC3-3073F4F81AFD}.Debug|Any CPU.Build.0 = Debug|Any CPU
		{5FA17681-7985-4892-8DC3-3073F4F81AFD}.Release|Any CPU.ActiveCfg = Release|Any CPU
		{5FA17681-7985-4892-8DC3-3073F4F81AFD}.Release|Any CPU.Build.0 = Release|Any CPU
	EndGlobalSection
	GlobalSection(SolutionProperties) = preSolution
		HideSolutionNode = FALSE
	EndGlobalSection
	GlobalSection(ExtensibilityGlobals) = postSolution
		SolutionGuid = {18CE2FE3-9357-4BC6-BFF6-420D3C4EE9A3}
	EndGlobalSection
EndGlobal
